{
  "requires": true,
  "lockfileVersion": 1,
  "dependencies": {
    "zurb-twentytwenty": {
      "version": "0.1.0",
      "resolved": "https://registry.npmjs.org/zurb-twentytwenty/-/zurb-twentytwenty-0.1.0.tgz",
      "integrity": "sha512-bHwpw/r7keP8hlSuOpncEbEZu/m+TpVjyQCC1Cu94GCraci1ZRkxHqJq4ZkAT0XDSdPKyAj2WWJ+6quGV6m16w=="
    }
  }
}
